
Microsoft Visual Studio Solution File, Format Version 12.00
# Visual Studio Version 16
VisualStudioVersion = 16.0.30503.244
MinimumVisualStudioVersion = 10.0.40219.1
Project("{9A19103F-16F7-4668-BE54-9A1E7A4F7556}") = "Domain", "Domain\Domain.csproj", "{E0A7AFCD-9FFE-43AE-AFF2-0F22CDD17749}"
EndProject
Project("{9A19103F-16F7-4668-BE54-9A1E7A4F7556}") = "Infrastructure", "Infrastructure\Infrastructure.csproj", "{C9A0AD7C-5719-43CA-8EB4-F3C1C797EED1}"
EndProject
Project("{9A19103F-16F7-4668-BE54-9A1E7A4F7556}") = "Booking.API", "API\Booking.API.csproj", "{D2DBFE1E-321A-4A8A-B105-7EB25DF05874}"
EndProject
Project("{FAE04EC0-301F-11D3-BF4B-00C04F79EFBC}") = "Booking.Mobile.Android", "Booking.Mobile\Booking.Mobile.Android\Booking.Mobile.Android.csproj", "{22A373B9-AE1E-4E1E-B632-8D57B7F1DD2A}"
EndProject
Project("{FAE04EC0-301F-11D3-BF4B-00C04F79EFBC}") = "Booking.Mobile.iOS", "Booking.Mobile\Booking.Mobile.iOS\Booking.Mobile.iOS.csproj", "{E8410BA4-C1D6-4D86-B1A6-11DFB5427131}"
EndProject
Project("{FAE04EC0-301F-11D3-BF4B-00C04F79EFBC}") = "Booking.Mobile", "Booking.Mobile\Booking.Mobile\Booking.Mobile.csproj", "{A28A458C-52F1-4D5E-B8C0-B6EBAF5C6EE5}"
EndProject
Global
	GlobalSection(SolutionConfigurationPlatforms) = preSolution
		Debug|Any CPU = Debug|Any CPU
		Debug|iPhone = Debug|iPhone
		Debug|iPhoneSimulator = Debug|iPhoneSimulator
		Release|Any CPU = Release|Any CPU
		Release|iPhone = Release|iPhone
		Release|iPhoneSimulator = Release|iPhoneSimulator
	EndGlobalSection
	GlobalSection(ProjectConfigurationPlatforms) = postSolution
		{E0A7AFCD-9FFE-43AE-AFF2-0F22CDD17749}.Debug|Any CPU.ActiveCfg = Debug|Any CPU
		{E0A7AFCD-9FFE-43AE-AFF2-0F22CDD17749}.Debug|Any CPU.Build.0 = Debug|Any CPU
		{E0A7AFCD-9FFE-43AE-AFF2-0F22CDD17749}.Debug|iPhone.ActiveCfg = Debug|Any CPU
		{E0A7AFCD-9FFE-43AE-AFF2-0F22CDD17749}.Debug|iPhone.Build.0 = Debug|Any CPU
		{E0A7AFCD-9FFE-43AE-AFF2-0F22CDD17749}.Debug|iPhoneSimulator.ActiveCfg = Debug|Any CPU
		{E0A7AFCD-9FFE-43AE-AFF2-0F22CDD17749}.Debug|iPhoneSimulator.Build.0 = Debug|Any CPU
		{E0A7AFCD-9FFE-43AE-AFF2-0F22CDD17749}.Release|Any CPU.ActiveCfg = Release|Any CPU
		{E0A7AFCD-9FFE-43AE-AFF2-0F22CDD17749}.Release|Any CPU.Build.0 = Release|Any CPU
		{E0A7AFCD-9FFE-43AE-AFF2-0F22CDD17749}.Release|iPhone.ActiveCfg = Release|Any CPU
		{E0A7AFCD-9FFE-43AE-AFF2-0F22CDD17749}.Release|iPhone.Build.0 = Release|Any CPU
		{E0A7AFCD-9FFE-43AE-AFF2-0F22CDD17749}.Release|iPhoneSimulator.ActiveCfg = Release|Any CPU
		{E0A7AFCD-9FFE-43AE-AFF2-0F22CDD17749}.Release|iPhoneSimulator.Build.0 = Release|Any CPU
		{C9A0AD7C-5719-43CA-8EB4-F3C1C797EED1}.Debug|Any CPU.ActiveCfg = Debug|Any CPU
		{C9A0AD7C-5719-43CA-8EB4-F3C1C797EED1}.Debug|Any CPU.Build.0 = Debug|Any CPU
		{C9A0AD7C-5719-43CA-8EB4-F3C1C797EED1}.Debug|iPhone.ActiveCfg = Debug|Any CPU
		{C9A0AD7C-5719-43CA-8EB4-F3C1C797EED1}.Debug|iPhone.Build.0 = Debug|Any CPU
		{C9A0AD7C-5719-43CA-8EB4-F3C1C797EED1}.Debug|iPhoneSimulator.ActiveCfg = Debug|Any CPU
		{C9A0AD7C-5719-43CA-8EB4-F3C1C797EED1}.Debug|iPhoneSimulator.Build.0 = Debug|Any CPU
		{C9A0AD7C-5719-43CA-8EB4-F3C1C797EED1}.Release|Any CPU.ActiveCfg = Release|Any CPU
		{C9A0AD7C-5719-43CA-8EB4-F3C1C797EED1}.Release|Any CPU.Build.0 = Release|Any CPU
		{C9A0AD7C-5719-43CA-8EB4-F3C1C797EED1}.Release|iPhone.ActiveCfg = Release|Any CPU
		{C9A0AD7C-5719-43CA-8EB4-F3C1C797EED1}.Release|iPhone.Build.0 = Release|Any CPU
		{C9A0AD7C-5719-43CA-8EB4-F3C1C797EED1}.Release|iPhoneSimulator.ActiveCfg = Release|Any CPU
		{C9A0AD7C-5719-43CA-8EB4-F3C1C797EED1}.Release|iPhoneSimulator.Build.0 = Release|Any CPU
		{D2DBFE1E-321A-4A8A-B105-7EB25DF05874}.Debug|Any CPU.ActiveCfg = Debug|Any CPU
		{D2DBFE1E-321A-4A8A-B105-7EB25DF05874}.Debug|Any CPU.Build.0 = Debug|Any CPU
		{D2DBFE1E-321A-4A8A-B105-7EB25DF05874}.Debug|iPhone.ActiveCfg = Debug|Any CPU
		{D2DBFE1E-321A-4A8A-B105-7EB25DF05874}.Debug|iPhone.Build.0 = Debug|Any CPU
		{D2DBFE1E-321A-4A8A-B105-7EB25DF05874}.Debug|iPhoneSimulator.ActiveCfg = Debug|Any CPU
		{D2DBFE1E-321A-4A8A-B105-7EB25DF05874}.Debug|iPhoneSimulator.Build.0 = Debug|Any CPU
		{D2DBFE1E-321A-4A8A-B105-7EB25DF05874}.Release|Any CPU.ActiveCfg = Release|Any CPU
		{D2DBFE1E-321A-4A8A-B105-7EB25DF05874}.Release|Any CPU.Build.0 = Release|Any CPU
		{D2DBFE1E-321A-4A8A-B105-7EB25DF05874}.Release|iPhone.ActiveCfg = Release|Any CPU
		{D2DBFE1E-321A-4A8A-B105-7EB25DF05874}.Release|iPhone.Build.0 = Release|Any CPU
		{D2DBFE1E-321A-4A8A-B105-7EB25DF05874}.Release|iPhoneSimulator.ActiveCfg = Release|Any CPU
		{D2DBFE1E-321A-4A8A-B105-7EB25DF05874}.Release|iPhoneSimulator.Build.0 = Release|Any CPU
		{22A373B9-AE1E-4E1E-B632-8D57B7F1DD2A}.Debug|Any CPU.ActiveCfg = Debug|Any CPU
		{22A373B9-AE1E-4E1E-B632-8D57B7F1DD2A}.Debug|Any CPU.Build.0 = Debug|Any CPU
		{22A373B9-AE1E-4E1E-B632-8D57B7F1DD2A}.Debug|Any CPU.Deploy.0 = Debug|Any CPU
		{22A373B9-AE1E-4E1E-B632-8D57B7F1DD2A}.Debug|iPhone.ActiveCfg = Debug|Any CPU
		{22A373B9-AE1E-4E1E-B632-8D57B7F1DD2A}.Debug|iPhone.Build.0 = Debug|Any CPU
		{22A373B9-AE1E-4E1E-B632-8D57B7F1DD2A}.Debug|iPhone.Deploy.0 = Debug|Any CPU
		{22A373B9-AE1E-4E1E-B632-8D57B7F1DD2A}.Debug|iPhoneSimulator.ActiveCfg = Debug|Any CPU
		{22A373B9-AE1E-4E1E-B632-8D57B7F1DD2A}.Debug|iPhoneSimulator.Build.0 = Debug|Any CPU
		{22A373B9-AE1E-4E1E-B632-8D57B7F1DD2A}.Debug|iPhoneSimulator.Deploy.0 = Debug|Any CPU
		{22A373B9-AE1E-4E1E-B632-8D57B7F1DD2A}.Release|Any CPU.ActiveCfg = Release|Any CPU
		{22A373B9-AE1E-4E1E-B632-8D57B7F1DD2A}.Release|Any CPU.Build.0 = Release|Any CPU
		{22A373B9-AE1E-4E1E-B632-8D57B7F1DD2A}.Release|Any CPU.Deploy.0 = Release|Any CPU
		{22A373B9-AE1E-4E1E-B632-8D57B7F1DD2A}.Release|iPhone.ActiveCfg = Release|Any CPU
		{22A373B9-AE1E-4E1E-B632-8D57B7F1DD2A}.Release|iPhone.Build.0 = Release|Any CPU
		{22A373B9-AE1E-4E1E-B632-8D57B7F1DD2A}.Release|iPhone.Deploy.0 = Release|Any CPU
		{22A373B9-AE1E-4E1E-B632-8D57B7F1DD2A}.Release|iPhoneSimulator.ActiveCfg = Release|Any CPU
		{22A373B9-AE1E-4E1E-B632-8D57B7F1DD2A}.Release|iPhoneSimulator.Build.0 = Release|Any CPU
		{22A373B9-AE1E-4E1E-B632-8D57B7F1DD2A}.Release|iPhoneSimulator.Deploy.0 = Release|Any CPU
		{E8410BA4-C1D6-4D86-B1A6-11DFB5427131}.Debug|Any CPU.ActiveCfg = Debug|iPhoneSimulator
		{E8410BA4-C1D6-4D86-B1A6-11DFB5427131}.Debug|iPhone.ActiveCfg = Debug|iPhone
		{E8410BA4-C1D6-4D86-B1A6-11DFB5427131}.Debug|iPhone.Build.0 = Debug|iPhone
		{E8410BA4-C1D6-4D86-B1A6-11DFB5427131}.Debug|iPhoneSimulator.ActiveCfg = Debug|iPhoneSimulator
		{E8410BA4-C1D6-4D86-B1A6-11DFB5427131}.Debug|iPhoneSimulator.Build.0 = Debug|iPhoneSimulator
		{E8410BA4-C1D6-4D86-B1A6-11DFB5427131}.Release|Any CPU.ActiveCfg = Release|iPhoneSimulator
		{E8410BA4-C1D6-4D86-B1A6-11DFB5427131}.Release|iPhone.ActiveCfg = Release|iPhone
		{E8410BA4-C1D6-4D86-B1A6-11DFB5427131}.Release|iPhone.Build.0 = Release|iPhone
		{E8410BA4-C1D6-4D86-B1A6-11DFB5427131}.Release|iPhoneSimulator.ActiveCfg = Release|iPhoneSimulator
		{E8410BA4-C1D6-4D86-B1A6-11DFB5427131}.Release|iPhoneSimulator.Build.0 = Release|iPhoneSimulator
		{A28A458C-52F1-4D5E-B8C0-B6EBAF5C6EE5}.Debug|Any CPU.ActiveCfg = Debug|Any CPU
		{A28A458C-52F1-4D5E-B8C0-B6EBAF5C6EE5}.Debug|Any CPU.Build.0 = Debug|Any CPU
		{A28A458C-52F1-4D5E-B8C0-B6EBAF5C6EE5}.Debug|iPhone.ActiveCfg = Debug|Any CPU
		{A28A458C-52F1-4D5E-B8C0-B6EBAF5C6EE5}.Debug|iPhone.Build.0 = Debug|Any CPU
		{A28A458C-52F1-4D5E-B8C0-B6EBAF5C6EE5}.Debug|iPhoneSimulator.ActiveCfg = Debug|Any CPU
		{A28A458C-52F1-4D5E-B8C0-B6EBAF5C6EE5}.Debug|iPhoneSimulator.Build.0 = Debug|Any CPU
		{A28A458C-52F1-4D5E-B8C0-B6EBAF5C6EE5}.Release|Any CPU.ActiveCfg = Release|Any CPU
		{A28A458C-52F1-4D5E-B8C0-B6EBAF5C6EE5}.Release|Any CPU.Build.0 = Release|Any CPU
		{A28A458C-52F1-4D5E-B8C0-B6EBAF5C6EE5}.Release|iPhone.ActiveCfg = Release|Any CPU
		{A28A458C-52F1-4D5E-B8C0-B6EBAF5C6EE5}.Release|iPhone.Build.0 = Release|Any CPU
		{A28A458C-52F1-4D5E-B8C0-B6EBAF5C6EE5}.Release|iPhoneSimulator.ActiveCfg = Release|Any CPU
		{A28A458C-52F1-4D5E-B8C0-B6EBAF5C6EE5}.Release|iPhoneSimulator.Build.0 = Release|Any CPU
	EndGlobalSection
	GlobalSection(SolutionProperties) = preSolution
		HideSolutionNode = FALSE
	EndGlobalSection
	GlobalSection(ExtensibilityGlobals) = postSolution
		SolutionGuid = {88B17066-4047-4EEC-91B8-B651A87ED891}
	EndGlobalSection
EndGlobal
